<?xml version="1.0" encoding="utf-8"?>
<Project ToolsVersion="4.0" xmlns="http://schemas.microsoft.com/developer/msbuild/2003">
  <ItemGroup>
    <Filter Include="win32">
      <UniqueIdentifier>{84a8ebd7-7cf0-47f6-b75e-d441df67da40}</UniqueIdentifier>
    </Filter>
    <Filter Include="resource">
      <UniqueIdentifier>{715254bc-d70b-4ec5-bf29-467dd3ace079}</UniqueIdentifier>
    </Filter>
    <Filter Include="src">
      <UniqueIdentifier>{bb6c862e-70e9-49d9-81b7-3829a6f50471}</UniqueIdentifier>
    </Filter>
    <Filter Include="src\common">
      <UniqueIdentifier>{be58e22b-6d3a-4ff5-ba50-a0003e0664c1}</UniqueIdentifier>
    </Filter>
  </ItemGroup>
  <ItemGroup>
    <ClCompile Include="main.cpp">
      <Filter>win32</Filter>
    </ClCompile>
    <ClCompile Include="..\Classes\AppDelegate.cpp">
      <Filter>src</Filter>
    </ClCompile>
    <ClCompile Include="..\Classes\Level01.cpp">
      <Filter>src</Filter>
    </ClCompile>
    <ClCompile Include="..\Classes\common\GB2ShapeCache-x.cpp">
      <Filter>src\common</Filter>
    </ClCompile>
    <ClCompile Include="..\Classes\common\GLES-Render.cpp">
      <Filter>src\common</Filter>
    </ClCompile>
    <ClCompile Include="..\Classes\common\CDraw.cpp">
      <Filter>src\common</Filter>
    </ClCompile>
    <ClCompile Include="..\Classes\common\CButton.cpp">
      <Filter>src\common</Filter>
    </ClCompile>
    <ClCompile Include="..\Classes\CCar.cpp">
      <Filter>src</Filter>
    </ClCompile>
    <ClCompile Include="..\Classes\common\Level.cpp">
      <Filter>src\common</Filter>
    </ClCompile>
    <ClCompile Include="..\Classes\Level02.cpp">
      <Filter>src</Filter>
    </ClCompile>
    <ClCompile Include="..\Classes\Level03.cpp">
      <Filter>src</Filter>
    </ClCompile>
    <ClCompile Include="..\Classes\Level04.cpp">
      <Filter>src</Filter>
    </ClCompile>
    <ClCompile Include="..\Classes\common\CParticle.cpp">
      <Filter>src\common</Filter>
    </ClCompile>
  </ItemGroup>
  <ItemGroup>
    <ClInclude Include="main.h">
      <Filter>win32</Filter>
    </ClInclude>
    <ClInclude Include="..\Classes\AppDelegate.h">
      <Filter>src</Filter>
    </ClInclude>
    <ClInclude Include="..\Classes\Level01.h">
      <Filter>src</Filter>
    </ClInclude>
    <ClInclude Include="..\Classes\common\GB2ShapeCache-x.h">
      <Filter>src\common</Filter>
    </ClInclude>
    <ClInclude Include="..\Classes\common\GLES-Render.h">
      <Filter>src\common</Filter>
    </ClInclude>
    <ClInclude Include="..\Classes\common\CDraw.h">
      <Filter>src\common</Filter>
    </ClInclude>
    <ClInclude Include="..\Classes\common\CButton.h">
      <Filter>src\common</Filter>
    </ClInclude>
    <ClInclude Include="..\Classes\CCar.h">
      <Filter>src</Filter>
    </ClInclude>
    <ClInclude Include="..\Classes\common\Level.h">
      <Filter>src\common</Filter>
    </ClInclude>
    <ClInclude Include="..\Classes\Level02.h">
      <Filter>src</Filter>
    </ClInclude>
    <ClInclude Include="..\Classes\Level03.h">
      <Filter>src</Filter>
    </ClInclude>
    <ClInclude Include="..\Classes\Level04.h">
      <Filter>src</Filter>
    </ClInclude>
    <ClInclude Include="..\Classes\common\CParticle.h">
      <Filter>src\common</Filter>
    </ClInclude>
  </ItemGroup>
  <ItemGroup>
    <ResourceCompile Include="game.rc">
      <Filter>resource</Filter>
    </ResourceCompile>
  </ItemGroup>
</Project>